
Microsoft Visual Studio Solution File, Format Version 12.00
# Visual Studio 15
VisualStudioVersion = 15.0.25914.0
MinimumVisualStudioVersion = 10.0.40219.1
Project("{FAE04EC0-301F-11D3-BF4B-00C04F79EFBC}") = "GameServ.Core", "GameServ.Core\GameServ.Core.csproj", "{13193081-5141-4BF4-824D-137F4CD38DA0}"
EndProject
Project("{FAE04EC0-301F-11D3-BF4B-00C04F79EFBC}") = "GameServ.Core.Tests", "GameServ.Core.Tests\GameServ.Core.Tests.csproj", "{ABC764A2-68C7-4A32-8B21-6AE3D26E7FA3}"
EndProject
Project("{FAE04EC0-301F-11D3-BF4B-00C04F79EFBC}") = "GameServ.Server", "GameServ.Server\GameServ.Server.csproj", "{2B999E8C-3C54-4F31-BD14-DC27DFE89333}"
EndProject
Project("{FAE04EC0-301F-11D3-BF4B-00C04F79EFBC}") = "GameServ.Server.Demo", "GameServ.Server.Demo\GameServ.Server.Demo.csproj", "{3A4E0834-9A88-4CCD-A600-2698472B8C67}"
EndProject
Global
	GlobalSection(SolutionConfigurationPlatforms) = preSolution
		Debug|Any CPU = Debug|Any CPU
		Release|Any CPU = Release|Any CPU
	EndGlobalSection
	GlobalSection(ProjectConfigurationPlatforms) = postSolution
		{13193081-5141-4BF4-824D-137F4CD38DA0}.Debug|Any CPU.ActiveCfg = Debug|Any CPU
		{13193081-5141-4BF4-824D-137F4CD38DA0}.Debug|Any CPU.Build.0 = Debug|Any CPU
		{13193081-5141-4BF4-824D-137F4CD38DA0}.Release|Any CPU.ActiveCfg = Release|Any CPU
		{13193081-5141-4BF4-824D-137F4CD38DA0}.Release|Any CPU.Build.0 = Release|Any CPU
		{ABC764A2-68C7-4A32-8B21-6AE3D26E7FA3}.Debug|Any CPU.ActiveCfg = Debug|Any CPU
		{ABC764A2-68C7-4A32-8B21-6AE3D26E7FA3}.Debug|Any CPU.Build.0 = Debug|Any CPU
		{ABC764A2-68C7-4A32-8B21-6AE3D26E7FA3}.Release|Any CPU.ActiveCfg = Release|Any CPU
		{ABC764A2-68C7-4A32-8B21-6AE3D26E7FA3}.Release|Any CPU.Build.0 = Release|Any CPU
		{2B999E8C-3C54-4F31-BD14-DC27DFE89333}.Debug|Any CPU.ActiveCfg = Debug|Any CPU
		{2B999E8C-3C54-4F31-BD14-DC27DFE89333}.Debug|Any CPU.Build.0 = Debug|Any CPU
		{2B999E8C-3C54-4F31-BD14-DC27DFE89333}.Release|Any CPU.ActiveCfg = Release|Any CPU
		{2B999E8C-3C54-4F31-BD14-DC27DFE89333}.Release|Any CPU.Build.0 = Release|Any CPU
		{3A4E0834-9A88-4CCD-A600-2698472B8C67}.Debug|Any CPU.ActiveCfg = Debug|Any CPU
		{3A4E0834-9A88-4CCD-A600-2698472B8C67}.Debug|Any CPU.Build.0 = Debug|Any CPU
		{3A4E0834-9A88-4CCD-A600-2698472B8C67}.Release|Any CPU.ActiveCfg = Release|Any CPU
		{3A4E0834-9A88-4CCD-A600-2698472B8C67}.Release|Any CPU.Build.0 = Release|Any CPU
	EndGlobalSection
	GlobalSection(SolutionProperties) = preSolution
		HideSolutionNode = FALSE
	EndGlobalSection
EndGlobal
